
Microsoft Visual Studio Solution File, Format Version 12.00
# Visual Studio Version 16
VisualStudioVersion = 16.0.31025.194
MinimumVisualStudioVersion = 10.0.40219.1
Project("{FAE04EC0-301F-11D3-BF4B-00C04F79EFBC}") = "Fcebook_api", "Fcebook_api.csproj", "{72CA840E-757B-4D41-BE91-091D1C51409B}"
EndProject
Project("{FAE04EC0-301F-11D3-BF4B-00C04F79EFBC}") = "Facebook.Core", "..\Facebook.Core\Facebook.Core.csproj", "{DB356450-8F91-4D97-8B6A-E41C4C605ECF}"
EndProject
Project("{FAE04EC0-301F-11D3-BF4B-00C04F79EFBC}") = "Facebook_Data", "..\Facebook_Data\Facebook_Data.csproj", "{CAB0D518-71AB-4251-A772-CFF0306FC6B8}"
EndProject
Project("{FAE04EC0-301F-11D3-BF4B-00C04F79EFBC}") = "Facebook_Tests", "..\Facebook_Test\Facebook_Tests.csproj", "{B8C75B34-EACA-42EB-A76F-FEA2E54F5688}"
EndProject
Global
	GlobalSection(SolutionConfigurationPlatforms) = preSolution
		Debug|Any CPU = Debug|Any CPU
		Release|Any CPU = Release|Any CPU
	EndGlobalSection
	GlobalSection(ProjectConfigurationPlatforms) = postSolution
		{72CA840E-757B-4D41-BE91-091D1C51409B}.Debug|Any CPU.ActiveCfg = Debug|Any CPU
		{72CA840E-757B-4D41-BE91-091D1C51409B}.Debug|Any CPU.Build.0 = Debug|Any CPU
		{72CA840E-757B-4D41-BE91-091D1C51409B}.Release|Any CPU.ActiveCfg = Release|Any CPU
		{72CA840E-757B-4D41-BE91-091D1C51409B}.Release|Any CPU.Build.0 = Release|Any CPU
		{DB356450-8F91-4D97-8B6A-E41C4C605ECF}.Debug|Any CPU.ActiveCfg = Debug|Any CPU
		{DB356450-8F91-4D97-8B6A-E41C4C605ECF}.Debug|Any CPU.Build.0 = Debug|Any CPU
		{DB356450-8F91-4D97-8B6A-E41C4C605ECF}.Release|Any CPU.ActiveCfg = Release|Any CPU
		{DB356450-8F91-4D97-8B6A-E41C4C605ECF}.Release|Any CPU.Build.0 = Release|Any CPU
		{CAB0D518-71AB-4251-A772-CFF0306FC6B8}.Debug|Any CPU.ActiveCfg = Debug|Any CPU
		{CAB0D518-71AB-4251-A772-CFF0306FC6B8}.Debug|Any CPU.Build.0 = Debug|Any CPU
		{CAB0D518-71AB-4251-A772-CFF0306FC6B8}.Release|Any CPU.ActiveCfg = Release|Any CPU
		{CAB0D518-71AB-4251-A772-CFF0306FC6B8}.Release|Any CPU.Build.0 = Release|Any CPU
		{B8C75B34-EACA-42EB-A76F-FEA2E54F5688}.Debug|Any CPU.ActiveCfg = Debug|Any CPU
		{B8C75B34-EACA-42EB-A76F-FEA2E54F5688}.Debug|Any CPU.Build.0 = Debug|Any CPU
		{B8C75B34-EACA-42EB-A76F-FEA2E54F5688}.Release|Any CPU.ActiveCfg = Release|Any CPU
		{B8C75B34-EACA-42EB-A76F-FEA2E54F5688}.Release|Any CPU.Build.0 = Release|Any CPU
	EndGlobalSection
	GlobalSection(SolutionProperties) = preSolution
		HideSolutionNode = FALSE
	EndGlobalSection
	GlobalSection(ExtensibilityGlobals) = postSolution
		SolutionGuid = {8F568F2F-B878-41FA-B3E4-89635C191923}
	EndGlobalSection
EndGlobal
